// !$*UTF8*$!
{
	archiveVersion = 1;
	classes = {
	};
	objectVersion = 56;
	objects = {

/* Begin PBXBuildFile section */
		6D33F96B2C5A3DAB0061592D /* Signup4ViewController.swift in Sources */ = {isa = PBXBuildFile; fileRef = 6D33F96A2C5A3DAB0061592D /* Signup4ViewController.swift */; };
		6D33F96D2C5A3DBE0061592D /* MypageViewController.swift in Sources */ = {isa = PBXBuildFile; fileRef = 6D33F96C2C5A3DBE0061592D /* MypageViewController.swift */; };
		6D33F96F2C5A64EF0061592D /* LoginViewController.swift in Sources */ = {isa = PBXBuildFile; fileRef = 6D33F96E2C5A64EF0061592D /* LoginViewController.swift */; };
		6D33F9712C5B00A60061592D /* Mypage2ViewController.swift in Sources */ = {isa = PBXBuildFile; fileRef = 6D33F9702C5B00A50061592D /* Mypage2ViewController.swift */; };
		6D98645F2C4143F2002DF617 /* AppDelegate.swift in Sources */ = {isa = PBXBuildFile; fileRef = 6D98645E2C4143F2002DF617 /* AppDelegate.swift */; };
		6D9864612C4143F2002DF617 /* SceneDelegate.swift in Sources */ = {isa = PBXBuildFile; fileRef = 6D9864602C4143F2002DF617 /* SceneDelegate.swift */; };
		6D9864632C4143F2002DF617 /* ViewController.swift in Sources */ = {isa = PBXBuildFile; fileRef = 6D9864622C4143F2002DF617 /* ViewController.swift */; };
		6D9864662C4143F2002DF617 /* Main.storyboard in Resources */ = {isa = PBXBuildFile; fileRef = 6D9864642C4143F2002DF617 /* Main.storyboard */; };
		6D9864682C4143F4002DF617 /* Assets.xcassets in Resources */ = {isa = PBXBuildFile; fileRef = 6D9864672C4143F4002DF617 /* Assets.xcassets */; };
		6D98646B2C4143F4002DF617 /* LaunchScreen.storyboard in Resources */ = {isa = PBXBuildFile; fileRef = 6D9864692C4143F4002DF617 /* LaunchScreen.storyboard */; };
		6D9864762C4143F4002DF617 /* HobbyTests.swift in Sources */ = {isa = PBXBuildFile; fileRef = 6D9864752C4143F4002DF617 /* HobbyTests.swift */; };
		6D9864802C4143F4002DF617 /* HobbyUITests.swift in Sources */ = {isa = PBXBuildFile; fileRef = 6D98647F2C4143F4002DF617 /* HobbyUITests.swift */; };
		6D9864822C4143F4002DF617 /* HobbyUITestsLaunchTests.swift in Sources */ = {isa = PBXBuildFile; fileRef = 6D9864812C4143F4002DF617 /* HobbyUITestsLaunchTests.swift */; };
		6D98648F2C526A75002DF617 /* SignupViewController.swift in Sources */ = {isa = PBXBuildFile; fileRef = 6D98648E2C526A75002DF617 /* SignupViewController.swift */; };
		6D9864912C527C0B002DF617 /* Signup2ViewController.swift in Sources */ = {isa = PBXBuildFile; fileRef = 6D9864902C527C0B002DF617 /* Signup2ViewController.swift */; };
		6D9864932C527C1B002DF617 /* Signup3ViewController.swift in Sources */ = {isa = PBXBuildFile; fileRef = 6D9864922C527C1B002DF617 /* Signup3ViewController.swift */; };
/* End PBXBuildFile section */

/* Begin PBXContainerItemProxy section */
		6D9864722C4143F4002DF617 /* PBXContainerItemProxy */ = {
			isa = PBXContainerItemProxy;
			containerPortal = 6D9864532C4143F2002DF617 /* Project object */;
			proxyType = 1;
			remoteGlobalIDString = 6D98645A2C4143F2002DF617;
			remoteInfo = Hobby;
		};
		6D98647C2C4143F4002DF617 /* PBXContainerItemProxy */ = {
			isa = PBXContainerItemProxy;
			containerPortal = 6D9864532C4143F2002DF617 /* Project object */;
			proxyType = 1;
			remoteGlobalIDString = 6D98645A2C4143F2002DF617;
			remoteInfo = Hobby;
		};
/* End PBXContainerItemProxy section */

/* Begin PBXFileReference section */
		6D33F96A2C5A3DAB0061592D /* Signup4ViewController.swift */ = {isa = PBXFileReference; lastKnownFileType = sourcecode.swift; path = Signup4ViewController.swift; sourceTree = "<group>"; };
		6D33F96C2C5A3DBE0061592D /* MypageViewController.swift */ = {isa = PBXFileReference; lastKnownFileType = sourcecode.swift; path = MypageViewController.swift; sourceTree = "<group>"; };
		6D33F96E2C5A64EF0061592D /* LoginViewController.swift */ = {isa = PBXFileReference; lastKnownFileType = sourcecode.swift; path = LoginViewController.swift; sourceTree = "<group>"; };
		6D33F9702C5B00A50061592D /* Mypage2ViewController.swift */ = {isa = PBXFileReference; lastKnownFileType = sourcecode.swift; path = Mypage2ViewController.swift; sourceTree = "<group>"; };
		6D98645B2C4143F2002DF617 /* Hobby.app */ = {isa = PBXFileReference; explicitFileType = wrapper.application; includeInIndex = 0; path = Hobby.app; sourceTree = BUILT_PRODUCTS_DIR; };
		6D98645E2C4143F2002DF617 /* AppDelegate.swift */ = {isa = PBXFileReference; lastKnownFileType = sourcecode.swift; path = AppDelegate.swift; sourceTree = "<group>"; };
		6D9864602C4143F2002DF617 /* SceneDelegate.swift */ = {isa = PBXFileReference; lastKnownFileType = sourcecode.swift; path = SceneDelegate.swift; sourceTree = "<group>"; };
		6D9864622C4143F2002DF617 /* ViewController.swift */ = {isa = PBXFileReference; lastKnownFileType = sourcecode.swift; path = ViewController.swift; sourceTree = "<group>"; };
		6D9864652C4143F2002DF617 /* Base */ = {isa = PBXFileReference; lastKnownFileType = file.storyboard; name = Base; path = Base.lproj/Main.storyboard; sourceTree = "<group>"; };
		6D9864672C4143F4002DF617 /* Assets.xcassets */ = {isa = PBXFileReference; lastKnownFileType = folder.assetcatalog; path = Assets.xcassets; sourceTree = "<group>"; };
		6D98646A2C4143F4002DF617 /* Base */ = {isa = PBXFileReference; lastKnownFileType = file.storyboard; name = Base; path = Base.lproj/LaunchScreen.storyboard; sourceTree = "<group>"; };
		6D98646C2C4143F4002DF617 /* Info.plist */ = {isa = PBXFileReference; lastKnownFileType = text.plist.xml; path = Info.plist; sourceTree = "<group>"; };
		6D9864712C4143F4002DF617 /* HobbyTests.xctest */ = {isa = PBXFileReference; explicitFileType = wrapper.cfbundle; includeInIndex = 0; path = HobbyTests.xctest; sourceTree = BUILT_PRODUCTS_DIR; };
		6D9864752C4143F4002DF617 /* HobbyTests.swift */ = {isa = PBXFileReference; lastKnownFileType = sourcecode.swift; path = HobbyTests.swift; sourceTree = "<group>"; };
		6D98647B2C4143F4002DF617 /* HobbyUITests.xctest */ = {isa = PBXFileReference; explicitFileType = wrapper.cfbundle; includeInIndex = 0; path = HobbyUITests.xctest; sourceTree = BUILT_PRODUCTS_DIR; };
		6D98647F2C4143F4002DF617 /* HobbyUITests.swift */ = {isa = PBXFileReference; lastKnownFileType = sourcecode.swift; path = HobbyUITests.swift; sourceTree = "<group>"; };
		6D9864812C4143F4002DF617 /* HobbyUITestsLaunchTests.swift */ = {isa = PBXFileReference; lastKnownFileType = sourcecode.swift; path = HobbyUITestsLaunchTests.swift; sourceTree = "<group>"; };
		6D98648E2C526A75002DF617 /* SignupViewController.swift */ = {isa = PBXFileReference; lastKnownFileType = sourcecode.swift; path = SignupViewController.swift; sourceTree = "<group>"; };
		6D9864902C527C0B002DF617 /* Signup2ViewController.swift */ = {isa = PBXFileReference; lastKnownFileType = sourcecode.swift; path = Signup2ViewController.swift; sourceTree = "<group>"; };
		6D9864922C527C1B002DF617 /* Signup3ViewController.swift */ = {isa = PBXFileReference; lastKnownFileType = sourcecode.swift; path = Signup3ViewController.swift; sourceTree = "<group>"; };
/* End PBXFileReference section */

/* Begin PBXFrameworksBuildPhase section */
		6D9864582C4143F2002DF617 /* Frameworks */ = {
			isa = PBXFrameworksBuildPhase;
			buildActionMask = 2147483647;
			files = (
			);
			runOnlyForDeploymentPostprocessing = 0;
		};
		6D98646E2C4143F4002DF617 /* Frameworks */ = {
			isa = PBXFrameworksBuildPhase;
			buildActionMask = 2147483647;
			files = (
			);
			runOnlyForDeploymentPostprocessing = 0;
		};
		6D9864782C4143F4002DF617 /* Frameworks */ = {
			isa = PBXFrameworksBuildPhase;
			buildActionMask = 2147483647;
			files = (
			);
			runOnlyForDeploymentPostprocessing = 0;
		};
/* End PBXFrameworksBuildPhase section */

/* Begin PBXGroup section */
		6D9864522C4143F2002DF617 = {
			isa = PBXGroup;
			children = (
				6D98645D2C4143F2002DF617 /* Hobby */,
				6D9864742C4143F4002DF617 /* HobbyTests */,
				6D98647E2C4143F4002DF617 /* HobbyUITests */,
				6D98645C2C4143F2002DF617 /* Products */,
			);
			sourceTree = "<group>";
		};
		6D98645C2C4143F2002DF617 /* Products */ = {
			isa = PBXGroup;
			children = (
				6D98645B2C4143F2002DF617 /* Hobby.app */,
				6D9864712C4143F4002DF617 /* HobbyTests.xctest */,
				6D98647B2C4143F4002DF617 /* HobbyUITests.xctest */,
			);
			name = Products;
			sourceTree = "<group>";
		};
		6D98645D2C4143F2002DF617 /* Hobby */ = {
			isa = PBXGroup;
			children = (
				6D98645E2C4143F2002DF617 /* AppDelegate.swift */,
				6D9864602C4143F2002DF617 /* SceneDelegate.swift */,
				6D9864642C4143F2002DF617 /* Main.storyboard */,
				6D9864622C4143F2002DF617 /* ViewController.swift */,
				6D33F96E2C5A64EF0061592D /* LoginViewController.swift */,
				6D98648E2C526A75002DF617 /* SignupViewController.swift */,
				6D9864902C527C0B002DF617 /* Signup2ViewController.swift */,
				6D9864922C527C1B002DF617 /* Signup3ViewController.swift */,
				6D33F96A2C5A3DAB0061592D /* Signup4ViewController.swift */,
				6D33F96C2C5A3DBE0061592D /* MypageViewController.swift */,
				6D33F9702C5B00A50061592D /* Mypage2ViewController.swift */,
				6D9864672C4143F4002DF617 /* Assets.xcassets */,
				6D9864692C4143F4002DF617 /* LaunchScreen.storyboard */,
				6D98646C2C4143F4002DF617 /* Info.plist */,
			);
			path = Hobby;
			sourceTree = "<group>";
		};
		6D9864742C4143F4002DF617 /* HobbyTests */ = {
			isa = PBXGroup;
			children = (
				6D9864752C4143F4002DF617 /* HobbyTests.swift */,
			);
			path = HobbyTests;
			sourceTree = "<group>";
		};
		6D98647E2C4143F4002DF617 /* HobbyUITests */ = {
			isa = PBXGroup;
			children = (
				6D98647F2C4143F4002DF617 /* HobbyUITests.swift */,
				6D9864812C4143F4002DF617 /* HobbyUITestsLaunchTests.swift */,
			);
			path = HobbyUITests;
			sourceTree = "<group>";
		};
/* End PBXGroup section */

/* Begin PBXNativeTarget section */
		6D98645A2C4143F2002DF617 /* Hobby */ = {
			isa = PBXNativeTarget;
			buildConfigurationList = 6D9864852C4143F4002DF617 /* Build configuration list for PBXNativeTarget "Hobby" */;
			buildPhases = (
				6D9864572C4143F2002DF617 /* Sources */,
				6D9864582C4143F2002DF617 /* Frameworks */,
				6D9864592C4143F2002DF617 /* Resources */,
			);
			buildRules = (
			);
			dependencies = (
			);
			name = Hobby;
			productName = Hobby;
			productReference = 6D98645B2C4143F2002DF617 /* Hobby.app */;
			productType = "com.apple.product-type.application";
		};
		6D9864702C4143F4002DF617 /* HobbyTests */ = {
			isa = PBXNativeTarget;
			buildConfigurationList = 6D9864882C4143F4002DF617 /* Build configuration list for PBXNativeTarget "HobbyTests" */;
			buildPhases = (
				6D98646D2C4143F4002DF617 /* Sources */,
				6D98646E2C4143F4002DF617 /* Frameworks */,
				6D98646F2C4143F4002DF617 /* Resources */,
			);
			buildRules = (
			);
			dependencies = (
				6D9864732C4143F4002DF617 /* PBXTargetDependency */,
			);
			name = HobbyTests;
			productName = HobbyTests;
			productReference = 6D9864712C4143F4002DF617 /* HobbyTests.xctest */;
			productType = "com.apple.product-type.bundle.unit-test";
		};
		6D98647A2C4143F4002DF617 /* HobbyUITests */ = {
			isa = PBXNativeTarget;
			buildConfigurationList = 6D98648B2C4143F4002DF617 /* Build configuration list for PBXNativeTarget "HobbyUITests" */;
			buildPhases = (
				6D9864772C4143F4002DF617 /* Sources */,
				6D9864782C4143F4002DF617 /* Frameworks */,
				6D9864792C4143F4002DF617 /* Resources */,
			);
			buildRules = (
			);
			dependencies = (
				6D98647D2C4143F4002DF617 /* PBXTargetDependency */,
			);
			name = HobbyUITests;
			productName = HobbyUITests;
			productReference = 6D98647B2C4143F4002DF617 /* HobbyUITests.xctest */;
			productType = "com.apple.product-type.bundle.ui-testing";
		};
/* End PBXNativeTarget section */

/* Begin PBXProject section */
		6D9864532C4143F2002DF617 /* Project object */ = {
			isa = PBXProject;
			attributes = {
				BuildIndependentTargetsInParallel = 1;
				LastSwiftUpdateCheck = 1420;
				LastUpgradeCheck = 1420;
				TargetAttributes = {
					6D98645A2C4143F2002DF617 = {
						CreatedOnToolsVersion = 14.2;
					};
					6D9864702C4143F4002DF617 = {
						CreatedOnToolsVersion = 14.2;
						TestTargetID = 6D98645A2C4143F2002DF617;
					};
					6D98647A2C4143F4002DF617 = {
						CreatedOnToolsVersion = 14.2;
						TestTargetID = 6D98645A2C4143F2002DF617;
					};
				};
			};
			buildConfigurationList = 6D9864562C4143F2002DF617 /* Build configuration list for PBXProject "Hobby" */;
			compatibilityVersion = "Xcode 14.0";
			developmentRegion = en;
			hasScannedForEncodings = 0;
			knownRegions = (
				en,
				Base,
			);
			mainGroup = 6D9864522C4143F2002DF617;
			productRefGroup = 6D98645C2C4143F2002DF617 /* Products */;
			projectDirPath = "";
			projectRoot = "";
			targets = (
				6D98645A2C4143F2002DF617 /* Hobby */,
				6D9864702C4143F4002DF617 /* HobbyTests */,
				6D98647A2C4143F4002DF617 /* HobbyUITests */,
			);
		};
/* End PBXProject section */

/* Begin PBXResourcesBuildPhase section */
		6D9864592C4143F2002DF617 /* Resources */ = {
			isa = PBXResourcesBuildPhase;
			buildActionMask = 2147483647;
			files = (
				6D98646B2C4143F4002DF617 /* LaunchScreen.storyboard in Resources */,
				6D9864682C4143F4002DF617 /* Assets.xcassets in Resources */,
				6D9864662C4143F2002DF617 /* Main.storyboard in Resources */,
			);
			runOnlyForDeploymentPostprocessing = 0;
		};
		6D98646F2C4143F4002DF617 /* Resources */ = {
			isa = PBXResourcesBuildPhase;
			buildActionMask = 2147483647;
			files = (
			);
			runOnlyForDeploymentPostprocessing = 0;
		};
		6D9864792C4143F4002DF617 /* Resources */ = {
			isa = PBXResourcesBuildPhase;
			buildActionMask = 2147483647;
			files = (
			);
			runOnlyForDeploymentPostprocessing = 0;
		};
/* End PBXResourcesBuildPhase section */

/* Begin PBXSourcesBuildPhase section */
		6D9864572C4143F2002DF617 /* Sources */ = {
			isa = PBXSourcesBuildPhase;
			buildActionMask = 2147483647;
			files = (
				6D33F96F2C5A64EF0061592D /* LoginViewController.swift in Sources */,
				6D9864632C4143F2002DF617 /* ViewController.swift in Sources */,
				6D98645F2C4143F2002DF617 /* AppDelegate.swift in Sources */,
				6D9864932C527C1B002DF617 /* Signup3ViewController.swift in Sources */,
				6D98648F2C526A75002DF617 /* SignupViewController.swift in Sources */,
				6D9864612C4143F2002DF617 /* SceneDelegate.swift in Sources */,
				6D33F96B2C5A3DAB0061592D /* Signup4ViewController.swift in Sources */,
				6D9864912C527C0B002DF617 /* Signup2ViewController.swift in Sources */,
				6D33F9712C5B00A60061592D /* Mypage2ViewController.swift in Sources */,
				6D33F96D2C5A3DBE0061592D /* MypageViewController.swift in Sources */,
			);
			runOnlyForDeploymentPostprocessing = 0;
		};
		6D98646D2C4143F4002DF617 /* Sources */ = {
			isa = PBXSourcesBuildPhase;
			buildActionMask = 2147483647;
			files = (
				6D9864762C4143F4002DF617 /* HobbyTests.swift in Sources */,
			);
			runOnlyForDeploymentPostprocessing = 0;
		};
		6D9864772C4143F4002DF617 /* Sources */ = {
			isa = PBXSourcesBuildPhase;
			buildActionMask = 2147483647;
			files = (
				6D9864802C4143F4002DF617 /* HobbyUITests.swift in Sources */,
				6D9864822C4143F4002DF617 /* HobbyUITestsLaunchTests.swift in Sources */,
			);
			runOnlyForDeploymentPostprocessing = 0;
		};
/* End PBXSourcesBuildPhase section */

/* Begin PBXTargetDependency section */
		6D9864732C4143F4002DF617 /* PBXTargetDependency */ = {
			isa = PBXTargetDependency;
			target = 6D98645A2C4143F2002DF617 /* Hobby */;
			targetProxy = 6D9864722C4143F4002DF617 /* PBXContainerItemProxy */;
		};
		6D98647D2C4143F4002DF617 /* PBXTargetDependency */ = {
			isa = PBXTargetDependency;
			target = 6D98645A2C4143F2002DF617 /* Hobby */;
			targetProxy = 6D98647C2C4143F4002DF617 /* PBXContainerItemProxy */;
		};
/* End PBXTargetDependency section */

/* Begin PBXVariantGroup section */
		6D9864642C4143F2002DF617 /* Main.storyboard */ = {
			isa = PBXVariantGroup;
			children = (
				6D9864652C4143F2002DF617 /* Base */,
			);
			name = Main.storyboard;
			sourceTree = "<group>";
		};
		6D9864692C4143F4002DF617 /* LaunchScreen.storyboard */ = {
			isa = PBXVariantGroup;
			children = (
				6D98646A2C4143F4002DF617 /* Base */,
			);
			name = LaunchScreen.storyboard;
			sourceTree = "<group>";
		};
/* End PBXVariantGroup section */

/* Begin XCBuildConfiguration section */
		6D9864832C4143F4002DF617 /* Debug */ = {
			isa = XCBuildConfiguration;
			buildSettings = {
				ALWAYS_SEARCH_USER_PATHS = NO;
				CLANG_ANALYZER_NONNULL = YES;
				CLANG_ANALYZER_NUMBER_OBJECT_CONVERSION = YES_AGGRESSIVE;
				CLANG_CXX_LANGUAGE_STANDARD = "gnu++20";
				CLANG_ENABLE_MODULES = YES;
				CLANG_ENABLE_OBJC_ARC = YES;
				CLANG_ENABLE_OBJC_WEAK = YES;
				CLANG_WARN_BLOCK_CAPTURE_AUTORELEASING = YES;
				CLANG_WARN_BOOL_CONVERSION = YES;
				CLANG_WARN_COMMA = YES;
				CLANG_WARN_CONSTANT_CONVERSION = YES;
				CLANG_WARN_DEPRECATED_OBJC_IMPLEMENTATIONS = YES;
				CLANG_WARN_DIRECT_OBJC_ISA_USAGE = YES_ERROR;
				CLANG_WARN_DOCUMENTATION_COMMENTS = YES;
				CLANG_WARN_EMPTY_BODY = YES;
				CLANG_WARN_ENUM_CONVERSION = YES;
				CLANG_WARN_INFINITE_RECURSION = YES;
				CLANG_WARN_INT_CONVERSION = YES;
				CLANG_WARN_NON_LITERAL_NULL_CONVERSION = YES;
				CLANG_WARN_OBJC_IMPLICIT_RETAIN_SELF = YES;
				CLANG_WARN_OBJC_LITERAL_CONVERSION = YES;
				CLANG_WARN_OBJC_ROOT_CLASS = YES_ERROR;
				CLANG_WARN_QUOTED_INCLUDE_IN_FRAMEWORK_HEADER = YES;
				CLANG_WARN_RANGE_LOOP_ANALYSIS = YES;
				CLANG_WARN_STRICT_PROTOTYPES = YES;
				CLANG_WARN_SUSPICIOUS_MOVE = YES;
				CLANG_WARN_UNGUARDED_AVAILABILITY = YES_AGGRESSIVE;
				CLANG_WARN_UNREACHABLE_CODE = YES;
				CLANG_WARN__DUPLICATE_METHOD_MATCH = YES;
				COPY_PHASE_STRIP = NO;
				DEBUG_INFORMATION_FORMAT = dwarf;
				ENABLE_STRICT_OBJC_MSGSEND = YES;
				ENABLE_TESTABILITY = YES;
				GCC_C_LANGUAGE_STANDARD = gnu11;
				GCC_DYNAMIC_NO_PIC = NO;
				GCC_NO_COMMON_BLOCKS = YES;
				GCC_OPTIMIZATION_LEVEL = 0;
				GCC_PREPROCESSOR_DEFINITIONS = (
					"DEBUG=1",
					"$(inherited)",
				);
				GCC_WARN_64_TO_32_BIT_CONVERSION = YES;
				GCC_WARN_ABOUT_RETURN_TYPE = YES_ERROR;
				GCC_WARN_UNDECLARED_SELECTOR = YES;
				GCC_WARN_UNINITIALIZED_AUTOS = YES_AGGRESSIVE;
				GCC_WARN_UNUSED_FUNCTION = YES;
				GCC_WARN_UNUSED_VARIABLE = YES;
				IPHONEOS_DEPLOYMENT_TARGET = 16.2;
				MTL_ENABLE_DEBUG_INFO = INCLUDE_SOURCE;
				MTL_FAST_MATH = YES;
				ONLY_ACTIVE_ARCH = YES;
				SDKROOT = iphoneos;
				SWIFT_ACTIVE_COMPILATION_CONDITIONS = DEBUG;
				SWIFT_OPTIMIZATION_LEVEL = "-Onone";
			};
			name = Debug;
		};
		6D9864842C4143F4002DF617 /* Release */ = {
			isa = XCBuildConfiguration;
			buildSettings = {
				ALWAYS_SEARCH_USER_PATHS = NO;
				CLANG_ANALYZER_NONNULL = YES;
				CLANG_ANALYZER_NUMBER_OBJECT_CONVERSION = YES_AGGRESSIVE;
				CLANG_CXX_LANGUAGE_STANDARD = "gnu++20";
				CLANG_ENABLE_MODULES = YES;
				CLANG_ENABLE_OBJC_ARC = YES;
				CLANG_ENABLE_OBJC_WEAK = YES;
				CLANG_WARN_BLOCK_CAPTURE_AUTORELEASING = YES;
				CLANG_WARN_BOOL_CONVERSION = YES;
				CLANG_WARN_COMMA = YES;
				CLANG_WARN_CONSTANT_CONVERSION = YES;
				CLANG_WARN_DEPRECATED_OBJC_IMPLEMENTATIONS = YES;
				CLANG_WARN_DIRECT_OBJC_ISA_USAGE = YES_ERROR;
				CLANG_WARN_DOCUMENTATION_COMMENTS = YES;
				CLANG_WARN_EMPTY_BODY = YES;
				CLANG_WARN_ENUM_CONVERSION = YES;
				CLANG_WARN_INFINITE_RECURSION = YES;
				CLANG_WARN_INT_CONVERSION = YES;
				CLANG_WARN_NON_LITERAL_NULL_CONVERSION = YES;
				CLANG_WARN_OBJC_IMPLICIT_RETAIN_SELF = YES;
				CLANG_WARN_OBJC_LITERAL_CONVERSION = YES;
				CLANG_WARN_OBJC_ROOT_CLASS = YES_ERROR;
				CLANG_WARN_QUOTED_INCLUDE_IN_FRAMEWORK_HEADER = YES;
				CLANG_WARN_RANGE_LOOP_ANALYSIS = YES;
				CLANG_WARN_STRICT_PROTOTYPES = YES;
				CLANG_WARN_SUSPICIOUS_MOVE = YES;
				CLANG_WARN_UNGUARDED_AVAILABILITY = YES_AGGRESSIVE;
				CLANG_WARN_UNREACHABLE_CODE = YES;
				CLANG_WARN__DUPLICATE_METHOD_MATCH = YES;
				COPY_PHASE_STRIP = NO;
				DEBUG_INFORMATION_FORMAT = "dwarf-with-dsym";
				ENABLE_NS_ASSERTIONS = NO;
				ENABLE_STRICT_OBJC_MSGSEND = YES;
				GCC_C_LANGUAGE_STANDARD = gnu11;
				GCC_NO_COMMON_BLOCKS = YES;
				GCC_WARN_64_TO_32_BIT_CONVERSION = YES;
				GCC_WARN_ABOUT_RETURN_TYPE = YES_ERROR;
				GCC_WARN_UNDECLARED_SELECTOR = YES;
				GCC_WARN_UNINITIALIZED_AUTOS = YES_AGGRESSIVE;
				GCC_WARN_UNUSED_FUNCTION = YES;
				GCC_WARN_UNUSED_VARIABLE = YES;
				IPHONEOS_DEPLOYMENT_TARGET = 16.2;
				MTL_ENABLE_DEBUG_INFO = NO;
				MTL_FAST_MATH = YES;
				SDKROOT = iphoneos;
				SWIFT_COMPILATION_MODE = wholemodule;
				SWIFT_OPTIMIZATION_LEVEL = "-O";
				VALIDATE_PRODUCT = YES;
			};
			name = Release;
		};
		6D9864862C4143F4002DF617 /* Debug */ = {
			isa = XCBuildConfiguration;
			buildSettings = {
				ASSETCATALOG_COMPILER_APPICON_NAME = AppIcon;
				ASSETCATALOG_COMPILER_GLOBAL_ACCENT_COLOR_NAME = AccentColor;
				CODE_SIGN_STYLE = Automatic;
				CURRENT_PROJECT_VERSION = 1;
				GENERATE_INFOPLIST_FILE = YES;
				INFOPLIST_FILE = Hobby/Info.plist;
				INFOPLIST_KEY_UIApplicationSupportsIndirectInputEvents = YES;
				INFOPLIST_KEY_UILaunchStoryboardName = LaunchScreen;
				INFOPLIST_KEY_UIMainStoryboardFile = Main;
				INFOPLIST_KEY_UISupportedInterfaceOrientations_iPad = "UIInterfaceOrientationPortrait UIInterfaceOrientationPortraitUpsideDown UIInterfaceOrientationLandscapeLeft UIInterfaceOrientationLandscapeRight";
				INFOPLIST_KEY_UISupportedInterfaceOrientations_iPhone = "UIInterfaceOrientationPortrait UIInterfaceOrientationLandscapeLeft UIInterfaceOrientationLandscapeRight";
				LD_RUNPATH_SEARCH_PATHS = (
					"$(inherited)",
					"@executable_path/Frameworks",
				);
				MARKETING_VERSION = 1.0;
				PRODUCT_BUNDLE_IDENTIFIER = app.shiiba.yuna.Hobby;
				PRODUCT_NAME = "$(TARGET_NAME)";
				SWIFT_EMIT_LOC_STRINGS = YES;
				SWIFT_VERSION = 5.0;
				TARGETED_DEVICE_FAMILY = "1,2";
			};
			name = Debug;
		};
		6D9864872C4143F4002DF617 /* Release */ = {
			isa = XCBuildConfiguration;
			buildSettings = {
				ASSETCATALOG_COMPILER_APPICON_NAME = AppIcon;
				ASSETCATALOG_COMPILER_GLOBAL_ACCENT_COLOR_NAME = AccentColor;
				CODE_SIGN_STYLE = Automatic;
				CURRENT_PROJECT_VERSION = 1;
				GENERATE_INFOPLIST_FILE = YES;
				INFOPLIST_FILE = Hobby/Info.plist;
				INFOPLIST_KEY_UIApplicationSupportsIndirectInputEvents = YES;
				INFOPLIST_KEY_UILaunchStoryboardName = LaunchScreen;
				INFOPLIST_KEY_UIMainStoryboardFile = Main;
				INFOPLIST_KEY_UISupportedInterfaceOrientations_iPad = "UIInterfaceOrientationPortrait UIInterfaceOrientationPortraitUpsideDown UIInterfaceOrientationLandscapeLeft UIInterfaceOrientationLandscapeRight";
				INFOPLIST_KEY_UISupportedInterfaceOrientations_iPhone = "UIInterfaceOrientationPortrait UIInterfaceOrientationLandscapeLeft UIInterfaceOrientationLandscapeRight";
				LD_RUNPATH_SEARCH_PATHS = (
					"$(inherited)",
					"@executable_path/Frameworks",
				);
				MARKETING_VERSION = 1.0;
				PRODUCT_BUNDLE_IDENTIFIER = app.shiiba.yuna.Hobby;
				PRODUCT_NAME = "$(TARGET_NAME)";
				SWIFT_EMIT_LOC_STRINGS = YES;
				SWIFT_VERSION = 5.0;
				TARGETED_DEVICE_FAMILY = "1,2";
			};
			name = Release;
		};
		6D9864892C4143F4002DF617 /* Debug */ = {
			isa = XCBuildConfiguration;
			buildSettings = {
				ALWAYS_EMBED_SWIFT_STANDARD_LIBRARIES = YES;
				BUNDLE_LOADER = "$(TEST_HOST)";
				CODE_SIGN_STYLE = Automatic;
				CURRENT_PROJECT_VERSION = 1;
				GENERATE_INFOPLIST_FILE = YES;
				IPHONEOS_DEPLOYMENT_TARGET = 16.2;
				MARKETING_VERSION = 1.0;
				PRODUCT_BUNDLE_IDENTIFIER = app.shiiba.yuna.HobbyTests;
				PRODUCT_NAME = "$(TARGET_NAME)";
				SWIFT_EMIT_LOC_STRINGS = NO;
				SWIFT_VERSION = 5.0;
				TARGETED_DEVICE_FAMILY = "1,2";
				TEST_HOST = "$(BUILT_PRODUCTS_DIR)/Hobby.app/$(BUNDLE_EXECUTABLE_FOLDER_PATH)/Hobby";
			};
			name = Debug;
		};
		6D98648A2C4143F4002DF617 /* Release */ = {
			isa = XCBuildConfiguration;
			buildSettings = {
				ALWAYS_EMBED_SWIFT_STANDARD_LIBRARIES = YES;
				BUNDLE_LOADER = "$(TEST_HOST)";
				CODE_SIGN_STYLE = Automatic;
				CURRENT_PROJECT_VERSION = 1;
				GENERATE_INFOPLIST_FILE = YES;
				IPHONEOS_DEPLOYMENT_TARGET = 16.2;
				MARKETING_VERSION = 1.0;
				PRODUCT_BUNDLE_IDENTIFIER = app.shiiba.yuna.HobbyTests;
				PRODUCT_NAME = "$(TARGET_NAME)";
				SWIFT_EMIT_LOC_STRINGS = NO;
				SWIFT_VERSION = 5.0;
				TARGETED_DEVICE_FAMILY = "1,2";
				TEST_HOST = "$(BUILT_PRODUCTS_DIR)/Hobby.app/$(BUNDLE_EXECUTABLE_FOLDER_PATH)/Hobby";
			};
			name = Release;
		};
		6D98648C2C4143F4002DF617 /* Debug */ = {
			isa = XCBuildConfiguration;
			buildSettings = {
				ALWAYS_EMBED_SWIFT_STANDARD_LIBRARIES = YES;
				CODE_SIGN_STYLE = Automatic;
				CURRENT_PROJECT_VERSION = 1;
				GENERATE_INFOPLIST_FILE = YES;
				MARKETING_VERSION = 1.0;
				PRODUCT_BUNDLE_IDENTIFIER = app.shiiba.yuna.HobbyUITests;
				PRODUCT_NAME = "$(TARGET_NAME)";
				SWIFT_EMIT_LOC_STRINGS = NO;
				SWIFT_VERSION = 5.0;
				TARGETED_DEVICE_FAMILY = "1,2";
				TEST_TARGET_NAME = Hobby;
			};
			name = Debug;
		};
		6D98648D2C4143F4002DF617 /* Release */ = {
			isa = XCBuildConfiguration;
			buildSettings = {
				ALWAYS_EMBED_SWIFT_STANDARD_LIBRARIES = YES;
				CODE_SIGN_STYLE = Automatic;
				CURRENT_PROJECT_VERSION = 1;
				GENERATE_INFOPLIST_FILE = YES;
				MARKETING_VERSION = 1.0;
				PRODUCT_BUNDLE_IDENTIFIER = app.shiiba.yuna.HobbyUITests;
				PRODUCT_NAME = "$(TARGET_NAME)";
				SWIFT_EMIT_LOC_STRINGS = NO;
				SWIFT_VERSION = 5.0;
				TARGETED_DEVICE_FAMILY = "1,2";
				TEST_TARGET_NAME = Hobby;
			};
			name = Release;
		};
/* End XCBuildConfiguration section */

/* Begin XCConfigurationList section */
		6D9864562C4143F2002DF617 /* Build configuration list for PBXProject "Hobby" */ = {
			isa = XCConfigurationList;
			buildConfigurations = (
				6D9864832C4143F4002DF617 /* Debug */,
				6D9864842C4143F4002DF617 /* Release */,
			);
			defaultConfigurationIsVisible = 0;
			defaultConfigurationName = Release;
		};
		6D9864852C4143F4002DF617 /* Build configuration list for PBXNativeTarget "Hobby" */ = {
			isa = XCConfigurationList;
			buildConfigurations = (
				6D9864862C4143F4002DF617 /* Debug */,
				6D9864872C4143F4002DF617 /* Release */,
			);
			defaultConfigurationIsVisible = 0;
			defaultConfigurationName = Release;
		};
		6D9864882C4143F4002DF617 /* Build configuration list for PBXNativeTarget "HobbyTests" */ = {
			isa = XCConfigurationList;
			buildConfigurations = (
				6D9864892C4143F4002DF617 /* Debug */,
				6D98648A2C4143F4002DF617 /* Release */,
			);
			defaultConfigurationIsVisible = 0;
			defaultConfigurationName = Release;
		};
		6D98648B2C4143F4002DF617 /* Build configuration list for PBXNativeTarget "HobbyUITests" */ = {
			isa = XCConfigurationList;
			buildConfigurations = (
				6D98648C2C4143F4002DF617 /* Debug */,
				6D98648D2C4143F4002DF617 /* Release */,
			);
			defaultConfigurationIsVisible = 0;
			defaultConfigurationName = Release;
		};
/* End XCConfigurationList section */
	};
	rootObject = 6D9864532C4143F2002DF617 /* Project object */;
}
